// !$*UTF8*$!
{
	archiveVersion = 1;
	classes = {
	};
	objectVersion = 56;
	objects = {

/* Begin PBXBuildFile section */
		1451CABD297E68E900E57CD5 /* RMService.swift in Sources */ = {isa = PBXBuildFile; fileRef = 1451CABC297E68E900E57CD5 /* RMService.swift */; };
		1451CABF297E68FE00E57CD5 /* RMRequest.swift in Sources */ = {isa = PBXBuildFile; fileRef = 1451CABE297E68FE00E57CD5 /* RMRequest.swift */; };
		1451CAC1297FA81800E57CD5 /* RMEndpoint.swift in Sources */ = {isa = PBXBuildFile; fileRef = 1451CAC0297FA81800E57CD5 /* RMEndpoint.swift */; };
		14A522B6297E571700228921 /* AppDelegate.swift in Sources */ = {isa = PBXBuildFile; fileRef = 14A522B5297E571700228921 /* AppDelegate.swift */; };
		14A522B8297E571700228921 /* SceneDelegate.swift in Sources */ = {isa = PBXBuildFile; fileRef = 14A522B7297E571700228921 /* SceneDelegate.swift */; };
		14A522BA297E571700228921 /* RMBarViewController.swift in Sources */ = {isa = PBXBuildFile; fileRef = 14A522B9297E571700228921 /* RMBarViewController.swift */; };
		14A522BF297E571800228921 /* Assets.xcassets in Resources */ = {isa = PBXBuildFile; fileRef = 14A522BE297E571800228921 /* Assets.xcassets */; };
		14A522C2297E571800228921 /* LaunchScreen.storyboard in Resources */ = {isa = PBXBuildFile; fileRef = 14A522C0297E571800228921 /* LaunchScreen.storyboard */; };
		14A522D1297E599D00228921 /* RMLocation.swift in Sources */ = {isa = PBXBuildFile; fileRef = 14A522D0297E599D00228921 /* RMLocation.swift */; };
		14A522D3297E59A900228921 /* RMCharacter.swift in Sources */ = {isa = PBXBuildFile; fileRef = 14A522D2297E59A900228921 /* RMCharacter.swift */; };
		14A522D5297E59BC00228921 /* RMEpisode.swift in Sources */ = {isa = PBXBuildFile; fileRef = 14A522D4297E59BC00228921 /* RMEpisode.swift */; };
		14A522D8297E5A6D00228921 /* RMCharacterViewController.swift in Sources */ = {isa = PBXBuildFile; fileRef = 14A522D7297E5A6D00228921 /* RMCharacterViewController.swift */; };
		14A522DA297E5A8900228921 /* RMLocationViewController.swift in Sources */ = {isa = PBXBuildFile; fileRef = 14A522D9297E5A8900228921 /* RMLocationViewController.swift */; };
		14A522DC297E5A9E00228921 /* RMEpisodeViewController.swift in Sources */ = {isa = PBXBuildFile; fileRef = 14A522DB297E5A9E00228921 /* RMEpisodeViewController.swift */; };
		14A522DE297E5AAE00228921 /* RMSettingsViewController.swift in Sources */ = {isa = PBXBuildFile; fileRef = 14A522DD297E5AAE00228921 /* RMSettingsViewController.swift */; };
/* End PBXBuildFile section */

/* Begin PBXFileReference section */
		1451CABC297E68E900E57CD5 /* RMService.swift */ = {isa = PBXFileReference; lastKnownFileType = sourcecode.swift; path = RMService.swift; sourceTree = "<group>"; };
		1451CABE297E68FE00E57CD5 /* RMRequest.swift */ = {isa = PBXFileReference; lastKnownFileType = sourcecode.swift; path = RMRequest.swift; sourceTree = "<group>"; };
		1451CAC0297FA81800E57CD5 /* RMEndpoint.swift */ = {isa = PBXFileReference; lastKnownFileType = sourcecode.swift; path = RMEndpoint.swift; sourceTree = "<group>"; };
		14A522B2297E571700228921 /* RickandMorty.app */ = {isa = PBXFileReference; explicitFileType = wrapper.application; includeInIndex = 0; path = RickandMorty.app; sourceTree = BUILT_PRODUCTS_DIR; };
		14A522B5297E571700228921 /* AppDelegate.swift */ = {isa = PBXFileReference; lastKnownFileType = sourcecode.swift; path = AppDelegate.swift; sourceTree = "<group>"; };
		14A522B7297E571700228921 /* SceneDelegate.swift */ = {isa = PBXFileReference; lastKnownFileType = sourcecode.swift; path = SceneDelegate.swift; sourceTree = "<group>"; };
		14A522B9297E571700228921 /* RMBarViewController.swift */ = {isa = PBXFileReference; lastKnownFileType = sourcecode.swift; path = RMBarViewController.swift; sourceTree = "<group>"; };
		14A522BE297E571800228921 /* Assets.xcassets */ = {isa = PBXFileReference; lastKnownFileType = folder.assetcatalog; path = Assets.xcassets; sourceTree = "<group>"; };
		14A522C1297E571800228921 /* Base */ = {isa = PBXFileReference; lastKnownFileType = file.storyboard; name = Base; path = Base.lproj/LaunchScreen.storyboard; sourceTree = "<group>"; };
		14A522C3297E571800228921 /* Info.plist */ = {isa = PBXFileReference; lastKnownFileType = text.plist.xml; path = Info.plist; sourceTree = "<group>"; };
		14A522D0297E599D00228921 /* RMLocation.swift */ = {isa = PBXFileReference; lastKnownFileType = sourcecode.swift; path = RMLocation.swift; sourceTree = "<group>"; };
		14A522D2297E59A900228921 /* RMCharacter.swift */ = {isa = PBXFileReference; lastKnownFileType = sourcecode.swift; path = RMCharacter.swift; sourceTree = "<group>"; };
		14A522D4297E59BC00228921 /* RMEpisode.swift */ = {isa = PBXFileReference; lastKnownFileType = sourcecode.swift; path = RMEpisode.swift; sourceTree = "<group>"; };
		14A522D7297E5A6D00228921 /* RMCharacterViewController.swift */ = {isa = PBXFileReference; lastKnownFileType = sourcecode.swift; path = RMCharacterViewController.swift; sourceTree = "<group>"; };
		14A522D9297E5A8900228921 /* RMLocationViewController.swift */ = {isa = PBXFileReference; lastKnownFileType = sourcecode.swift; path = RMLocationViewController.swift; sourceTree = "<group>"; };
		14A522DB297E5A9E00228921 /* RMEpisodeViewController.swift */ = {isa = PBXFileReference; lastKnownFileType = sourcecode.swift; path = RMEpisodeViewController.swift; sourceTree = "<group>"; };
		14A522DD297E5AAE00228921 /* RMSettingsViewController.swift */ = {isa = PBXFileReference; lastKnownFileType = sourcecode.swift; path = RMSettingsViewController.swift; sourceTree = "<group>"; };
/* End PBXFileReference section */

/* Begin PBXFrameworksBuildPhase section */
		14A522AF297E571700228921 /* Frameworks */ = {
			isa = PBXFrameworksBuildPhase;
			buildActionMask = 2147483647;
			files = (
			);
			runOnlyForDeploymentPostprocessing = 0;
		};
/* End PBXFrameworksBuildPhase section */

/* Begin PBXGroup section */
		14A522A9297E571700228921 = {
			isa = PBXGroup;
			children = (
				14A522B4297E571700228921 /* RickandMorty */,
				14A522B3297E571700228921 /* Products */,
			);
			sourceTree = "<group>";
		};
		14A522B3297E571700228921 /* Products */ = {
			isa = PBXGroup;
			children = (
				14A522B2297E571700228921 /* RickandMorty.app */,
			);
			name = Products;
			sourceTree = "<group>";
		};
		14A522B4297E571700228921 /* RickandMorty */ = {
			isa = PBXGroup;
			children = (
				14A522CF297E58CC00228921 /* ViewModels */,
				14A522CE297E58BA00228921 /* Resources */,
				14A522CD297E58B400228921 /* Managers */,
				14A522CC297E58A800228921 /* APIClient */,
				14A522CB297E58A100228921 /* Controllers */,
				14A522CA297E589700228921 /* Views */,
				14A522C9297E588C00228921 /* Models */,
				14A522C3297E571800228921 /* Info.plist */,
			);
			path = RickandMorty;
			sourceTree = "<group>";
		};
		14A522C9297E588C00228921 /* Models */ = {
			isa = PBXGroup;
			children = (
				14A522D0297E599D00228921 /* RMLocation.swift */,
				14A522D2297E59A900228921 /* RMCharacter.swift */,
				14A522D4297E59BC00228921 /* RMEpisode.swift */,
			);
			path = Models;
			sourceTree = "<group>";
		};
		14A522CA297E589700228921 /* Views */ = {
			isa = PBXGroup;
			children = (
			);
			path = Views;
			sourceTree = "<group>";
		};
		14A522CB297E58A100228921 /* Controllers */ = {
			isa = PBXGroup;
			children = (
				14A522D6297E5A1700228921 /* Core */,
				14A522B9297E571700228921 /* RMBarViewController.swift */,
			);
			path = Controllers;
			sourceTree = "<group>";
		};
		14A522CC297E58A800228921 /* APIClient */ = {
			isa = PBXGroup;
			children = (
				1451CABC297E68E900E57CD5 /* RMService.swift */,
				1451CABE297E68FE00E57CD5 /* RMRequest.swift */,
				1451CAC0297FA81800E57CD5 /* RMEndpoint.swift */,
			);
			path = APIClient;
			sourceTree = "<group>";
		};
		14A522CD297E58B400228921 /* Managers */ = {
			isa = PBXGroup;
			children = (
			);
			path = Managers;
			sourceTree = "<group>";
		};
		14A522CE297E58BA00228921 /* Resources */ = {
			isa = PBXGroup;
			children = (
				14A522BE297E571800228921 /* Assets.xcassets */,
				14A522C0297E571800228921 /* LaunchScreen.storyboard */,
				14A522B5297E571700228921 /* AppDelegate.swift */,
				14A522B7297E571700228921 /* SceneDelegate.swift */,
			);
			path = Resources;
			sourceTree = "<group>";
		};
		14A522CF297E58CC00228921 /* ViewModels */ = {
			isa = PBXGroup;
			children = (
			);
			path = ViewModels;
			sourceTree = "<group>";
		};
		14A522D6297E5A1700228921 /* Core */ = {
			isa = PBXGroup;
			children = (
				14A522D7297E5A6D00228921 /* RMCharacterViewController.swift */,
				14A522D9297E5A8900228921 /* RMLocationViewController.swift */,
				14A522DB297E5A9E00228921 /* RMEpisodeViewController.swift */,
				14A522DD297E5AAE00228921 /* RMSettingsViewController.swift */,
			);
			path = Core;
			sourceTree = "<group>";
		};
/* End PBXGroup section */

/* Begin PBXNativeTarget section */
		14A522B1297E571700228921 /* RickandMorty */ = {
			isa = PBXNativeTarget;
			buildConfigurationList = 14A522C6297E571800228921 /* Build configuration list for PBXNativeTarget "RickandMorty" */;
			buildPhases = (
				14A522AE297E571700228921 /* Sources */,
				14A522AF297E571700228921 /* Frameworks */,
				14A522B0297E571700228921 /* Resources */,
			);
			buildRules = (
			);
			dependencies = (
			);
			name = RickandMorty;
			productName = RickandMorty;
			productReference = 14A522B2297E571700228921 /* RickandMorty.app */;
			productType = "com.apple.product-type.application";
		};
/* End PBXNativeTarget section */

/* Begin PBXProject section */
		14A522AA297E571700228921 /* Project object */ = {
			isa = PBXProject;
			attributes = {
				BuildIndependentTargetsInParallel = 1;
				LastSwiftUpdateCheck = 1420;
				LastUpgradeCheck = 1420;
				TargetAttributes = {
					14A522B1297E571700228921 = {
						CreatedOnToolsVersion = 14.2;
					};
				};
			};
			buildConfigurationList = 14A522AD297E571700228921 /* Build configuration list for PBXProject "RickandMorty" */;
			compatibilityVersion = "Xcode 14.0";
			developmentRegion = en;
			hasScannedForEncodings = 0;
			knownRegions = (
				en,
				Base,
			);
			mainGroup = 14A522A9297E571700228921;
			productRefGroup = 14A522B3297E571700228921 /* Products */;
			projectDirPath = "";
			projectRoot = "";
			targets = (
				14A522B1297E571700228921 /* RickandMorty */,
			);
		};
/* End PBXProject section */

/* Begin PBXResourcesBuildPhase section */
		14A522B0297E571700228921 /* Resources */ = {
			isa = PBXResourcesBuildPhase;
			buildActionMask = 2147483647;
			files = (
				14A522C2297E571800228921 /* LaunchScreen.storyboard in Resources */,
				14A522BF297E571800228921 /* Assets.xcassets in Resources */,
			);
			runOnlyForDeploymentPostprocessing = 0;
		};
/* End PBXResourcesBuildPhase section */

/* Begin PBXSourcesBuildPhase section */
		14A522AE297E571700228921 /* Sources */ = {
			isa = PBXSourcesBuildPhase;
			buildActionMask = 2147483647;
			files = (
				14A522DA297E5A8900228921 /* RMLocationViewController.swift in Sources */,
				14A522BA297E571700228921 /* RMBarViewController.swift in Sources */,
				14A522B6297E571700228921 /* AppDelegate.swift in Sources */,
				14A522DC297E5A9E00228921 /* RMEpisodeViewController.swift in Sources */,
				14A522D5297E59BC00228921 /* RMEpisode.swift in Sources */,
				14A522B8297E571700228921 /* SceneDelegate.swift in Sources */,
				14A522DE297E5AAE00228921 /* RMSettingsViewController.swift in Sources */,
				1451CABD297E68E900E57CD5 /* RMService.swift in Sources */,
				14A522D1297E599D00228921 /* RMLocation.swift in Sources */,
				1451CAC1297FA81800E57CD5 /* RMEndpoint.swift in Sources */,
				14A522D3297E59A900228921 /* RMCharacter.swift in Sources */,
				1451CABF297E68FE00E57CD5 /* RMRequest.swift in Sources */,
				14A522D8297E5A6D00228921 /* RMCharacterViewController.swift in Sources */,
			);
			runOnlyForDeploymentPostprocessing = 0;
		};
/* End PBXSourcesBuildPhase section */

/* Begin PBXVariantGroup section */
		14A522C0297E571800228921 /* LaunchScreen.storyboard */ = {
			isa = PBXVariantGroup;
			children = (
				14A522C1297E571800228921 /* Base */,
			);
			name = LaunchScreen.storyboard;
			sourceTree = "<group>";
		};
/* End PBXVariantGroup section */

/* Begin XCBuildConfiguration section */
		14A522C4297E571800228921 /* Debug */ = {
			isa = XCBuildConfiguration;
			buildSettings = {
				ALWAYS_SEARCH_USER_PATHS = NO;
				CLANG_ANALYZER_NONNULL = YES;
				CLANG_ANALYZER_NUMBER_OBJECT_CONVERSION = YES_AGGRESSIVE;
				CLANG_CXX_LANGUAGE_STANDARD = "gnu++20";
				CLANG_ENABLE_MODULES = YES;
				CLANG_ENABLE_OBJC_ARC = YES;
				CLANG_ENABLE_OBJC_WEAK = YES;
				CLANG_WARN_BLOCK_CAPTURE_AUTORELEASING = YES;
				CLANG_WARN_BOOL_CONVERSION = YES;
				CLANG_WARN_COMMA = YES;
				CLANG_WARN_CONSTANT_CONVERSION = YES;
				CLANG_WARN_DEPRECATED_OBJC_IMPLEMENTATIONS = YES;
				CLANG_WARN_DIRECT_OBJC_ISA_USAGE = YES_ERROR;
				CLANG_WARN_DOCUMENTATION_COMMENTS = YES;
				CLANG_WARN_EMPTY_BODY = YES;
				CLANG_WARN_ENUM_CONVERSION = YES;
				CLANG_WARN_INFINITE_RECURSION = YES;
				CLANG_WARN_INT_CONVERSION = YES;
				CLANG_WARN_NON_LITERAL_NULL_CONVERSION = YES;
				CLANG_WARN_OBJC_IMPLICIT_RETAIN_SELF = YES;
				CLANG_WARN_OBJC_LITERAL_CONVERSION = YES;
				CLANG_WARN_OBJC_ROOT_CLASS = YES_ERROR;
				CLANG_WARN_QUOTED_INCLUDE_IN_FRAMEWORK_HEADER = YES;
				CLANG_WARN_RANGE_LOOP_ANALYSIS = YES;
				CLANG_WARN_STRICT_PROTOTYPES = YES;
				CLANG_WARN_SUSPICIOUS_MOVE = YES;
				CLANG_WARN_UNGUARDED_AVAILABILITY = YES_AGGRESSIVE;
				CLANG_WARN_UNREACHABLE_CODE = YES;
				CLANG_WARN__DUPLICATE_METHOD_MATCH = YES;
				COPY_PHASE_STRIP = NO;
				DEBUG_INFORMATION_FORMAT = dwarf;
				ENABLE_STRICT_OBJC_MSGSEND = YES;
				ENABLE_TESTABILITY = YES;
				GCC_C_LANGUAGE_STANDARD = gnu11;
				GCC_DYNAMIC_NO_PIC = NO;
				GCC_NO_COMMON_BLOCKS = YES;
				GCC_OPTIMIZATION_LEVEL = 0;
				GCC_PREPROCESSOR_DEFINITIONS = (
					"DEBUG=1",
					"$(inherited)",
				);
				GCC_WARN_64_TO_32_BIT_CONVERSION = YES;
				GCC_WARN_ABOUT_RETURN_TYPE = YES_ERROR;
				GCC_WARN_UNDECLARED_SELECTOR = YES;
				GCC_WARN_UNINITIALIZED_AUTOS = YES_AGGRESSIVE;
				GCC_WARN_UNUSED_FUNCTION = YES;
				GCC_WARN_UNUSED_VARIABLE = YES;
				IPHONEOS_DEPLOYMENT_TARGET = 16.2;
				MTL_ENABLE_DEBUG_INFO = INCLUDE_SOURCE;
				MTL_FAST_MATH = YES;
				ONLY_ACTIVE_ARCH = YES;
				SDKROOT = iphoneos;
				SWIFT_ACTIVE_COMPILATION_CONDITIONS = DEBUG;
				SWIFT_OPTIMIZATION_LEVEL = "-Onone";
			};
			name = Debug;
		};
		14A522C5297E571800228921 /* Release */ = {
			isa = XCBuildConfiguration;
			buildSettings = {
				ALWAYS_SEARCH_USER_PATHS = NO;
				CLANG_ANALYZER_NONNULL = YES;
				CLANG_ANALYZER_NUMBER_OBJECT_CONVERSION = YES_AGGRESSIVE;
				CLANG_CXX_LANGUAGE_STANDARD = "gnu++20";
				CLANG_ENABLE_MODULES = YES;
				CLANG_ENABLE_OBJC_ARC = YES;
				CLANG_ENABLE_OBJC_WEAK = YES;
				CLANG_WARN_BLOCK_CAPTURE_AUTORELEASING = YES;
				CLANG_WARN_BOOL_CONVERSION = YES;
				CLANG_WARN_COMMA = YES;
				CLANG_WARN_CONSTANT_CONVERSION = YES;
				CLANG_WARN_DEPRECATED_OBJC_IMPLEMENTATIONS = YES;
				CLANG_WARN_DIRECT_OBJC_ISA_USAGE = YES_ERROR;
				CLANG_WARN_DOCUMENTATION_COMMENTS = YES;
				CLANG_WARN_EMPTY_BODY = YES;
				CLANG_WARN_ENUM_CONVERSION = YES;
				CLANG_WARN_INFINITE_RECURSION = YES;
				CLANG_WARN_INT_CONVERSION = YES;
				CLANG_WARN_NON_LITERAL_NULL_CONVERSION = YES;
				CLANG_WARN_OBJC_IMPLICIT_RETAIN_SELF = YES;
				CLANG_WARN_OBJC_LITERAL_CONVERSION = YES;
				CLANG_WARN_OBJC_ROOT_CLASS = YES_ERROR;
				CLANG_WARN_QUOTED_INCLUDE_IN_FRAMEWORK_HEADER = YES;
				CLANG_WARN_RANGE_LOOP_ANALYSIS = YES;
				CLANG_WARN_STRICT_PROTOTYPES = YES;
				CLANG_WARN_SUSPICIOUS_MOVE = YES;
				CLANG_WARN_UNGUARDED_AVAILABILITY = YES_AGGRESSIVE;
				CLANG_WARN_UNREACHABLE_CODE = YES;
				CLANG_WARN__DUPLICATE_METHOD_MATCH = YES;
				COPY_PHASE_STRIP = NO;
				DEBUG_INFORMATION_FORMAT = "dwarf-with-dsym";
				ENABLE_NS_ASSERTIONS = NO;
				ENABLE_STRICT_OBJC_MSGSEND = YES;
				GCC_C_LANGUAGE_STANDARD = gnu11;
				GCC_NO_COMMON_BLOCKS = YES;
				GCC_WARN_64_TO_32_BIT_CONVERSION = YES;
				GCC_WARN_ABOUT_RETURN_TYPE = YES_ERROR;
				GCC_WARN_UNDECLARED_SELECTOR = YES;
				GCC_WARN_UNINITIALIZED_AUTOS = YES_AGGRESSIVE;
				GCC_WARN_UNUSED_FUNCTION = YES;
				GCC_WARN_UNUSED_VARIABLE = YES;
				IPHONEOS_DEPLOYMENT_TARGET = 16.2;
				MTL_ENABLE_DEBUG_INFO = NO;
				MTL_FAST_MATH = YES;
				SDKROOT = iphoneos;
				SWIFT_COMPILATION_MODE = wholemodule;
				SWIFT_OPTIMIZATION_LEVEL = "-O";
				VALIDATE_PRODUCT = YES;
			};
			name = Release;
		};
		14A522C7297E571800228921 /* Debug */ = {
			isa = XCBuildConfiguration;
			buildSettings = {
				ASSETCATALOG_COMPILER_APPICON_NAME = AppIcon;
				ASSETCATALOG_COMPILER_GLOBAL_ACCENT_COLOR_NAME = AccentColor;
				CODE_SIGN_STYLE = Automatic;
				CURRENT_PROJECT_VERSION = 1;
				DEVELOPMENT_TEAM = 45R9M2VZ7G;
				GENERATE_INFOPLIST_FILE = YES;
				INFOPLIST_FILE = RickandMorty/Info.plist;
				INFOPLIST_KEY_UIApplicationSupportsIndirectInputEvents = YES;
				INFOPLIST_KEY_UILaunchStoryboardName = LaunchScreen;
				INFOPLIST_KEY_UISupportedInterfaceOrientations_iPad = "UIInterfaceOrientationPortrait UIInterfaceOrientationPortraitUpsideDown UIInterfaceOrientationLandscapeLeft UIInterfaceOrientationLandscapeRight";
				INFOPLIST_KEY_UISupportedInterfaceOrientations_iPhone = "UIInterfaceOrientationPortrait UIInterfaceOrientationLandscapeLeft UIInterfaceOrientationLandscapeRight";
				IPHONEOS_DEPLOYMENT_TARGET = 16.0;
				LD_RUNPATH_SEARCH_PATHS = (
					"$(inherited)",
					"@executable_path/Frameworks",
				);
				MARKETING_VERSION = 1.0;
				PRODUCT_BUNDLE_IDENTIFIER = jackB.RickandMorty;
				PRODUCT_NAME = "$(TARGET_NAME)";
				SWIFT_EMIT_LOC_STRINGS = YES;
				SWIFT_VERSION = 5.0;
				TARGETED_DEVICE_FAMILY = "1,2";
			};
			name = Debug;
		};
		14A522C8297E571800228921 /* Release */ = {
			isa = XCBuildConfiguration;
			buildSettings = {
				ASSETCATALOG_COMPILER_APPICON_NAME = AppIcon;
				ASSETCATALOG_COMPILER_GLOBAL_ACCENT_COLOR_NAME = AccentColor;
				CODE_SIGN_STYLE = Automatic;
				CURRENT_PROJECT_VERSION = 1;
				DEVELOPMENT_TEAM = 45R9M2VZ7G;
				GENERATE_INFOPLIST_FILE = YES;
				INFOPLIST_FILE = RickandMorty/Info.plist;
				INFOPLIST_KEY_UIApplicationSupportsIndirectInputEvents = YES;
				INFOPLIST_KEY_UILaunchStoryboardName = LaunchScreen;
				INFOPLIST_KEY_UISupportedInterfaceOrientations_iPad = "UIInterfaceOrientationPortrait UIInterfaceOrientationPortraitUpsideDown UIInterfaceOrientationLandscapeLeft UIInterfaceOrientationLandscapeRight";
				INFOPLIST_KEY_UISupportedInterfaceOrientations_iPhone = "UIInterfaceOrientationPortrait UIInterfaceOrientationLandscapeLeft UIInterfaceOrientationLandscapeRight";
				IPHONEOS_DEPLOYMENT_TARGET = 16.0;
				LD_RUNPATH_SEARCH_PATHS = (
					"$(inherited)",
					"@executable_path/Frameworks",
				);
				MARKETING_VERSION = 1.0;
				PRODUCT_BUNDLE_IDENTIFIER = jackB.RickandMorty;
				PRODUCT_NAME = "$(TARGET_NAME)";
				SWIFT_EMIT_LOC_STRINGS = YES;
				SWIFT_VERSION = 5.0;
				TARGETED_DEVICE_FAMILY = "1,2";
			};
			name = Release;
		};
/* End XCBuildConfiguration section */

/* Begin XCConfigurationList section */
		14A522AD297E571700228921 /* Build configuration list for PBXProject "RickandMorty" */ = {
			isa = XCConfigurationList;
			buildConfigurations = (
				14A522C4297E571800228921 /* Debug */,
				14A522C5297E571800228921 /* Release */,
			);
			defaultConfigurationIsVisible = 0;
			defaultConfigurationName = Release;
		};
		14A522C6297E571800228921 /* Build configuration list for PBXNativeTarget "RickandMorty" */ = {
			isa = XCConfigurationList;
			buildConfigurations = (
				14A522C7297E571800228921 /* Debug */,
				14A522C8297E571800228921 /* Release */,
			);
			defaultConfigurationIsVisible = 0;
			defaultConfigurationName = Release;
		};
/* End XCConfigurationList section */
	};
	rootObject = 14A522AA297E571700228921 /* Project object */;
}
